
Microsoft Visual Studio Solution File, Format Version 12.00
# Visual Studio Version 17
VisualStudioVersion = 17.5.33516.290
MinimumVisualStudioVersion = 10.0.40219.1
Project("{FAE04EC0-301F-11D3-BF4B-00C04F79EFBC}") = "DevIO.App", "src\DevIO.App\DevIO.App.csproj", "{AB2B3CBB-3E10-4353-A1B6-2D5D4733C5EF}"
EndProject
Project("{FAE04EC0-301F-11D3-BF4B-00C04F79EFBC}") = "DevIO.Business", "src\DevIO.Business\DevIO.Business.csproj", "{AE4AA037-F08B-4269-8856-81CF650E7B0E}"
EndProject
Project("{FAE04EC0-301F-11D3-BF4B-00C04F79EFBC}") = "DevIO.Data", "src\DevIO.Data\DevIO.Data.csproj", "{E95B1C3C-F5C7-44FB-8CAE-EE57D10E3573}"
EndProject
Global
	GlobalSection(SolutionConfigurationPlatforms) = preSolution
		Debug|Any CPU = Debug|Any CPU
		Release|Any CPU = Release|Any CPU
	EndGlobalSection
	GlobalSection(ProjectConfigurationPlatforms) = postSolution
		{AB2B3CBB-3E10-4353-A1B6-2D5D4733C5EF}.Debug|Any CPU.ActiveCfg = Debug|Any CPU
		{AB2B3CBB-3E10-4353-A1B6-2D5D4733C5EF}.Debug|Any CPU.Build.0 = Debug|Any CPU
		{AB2B3CBB-3E10-4353-A1B6-2D5D4733C5EF}.Release|Any CPU.ActiveCfg = Release|Any CPU
		{AB2B3CBB-3E10-4353-A1B6-2D5D4733C5EF}.Release|Any CPU.Build.0 = Release|Any CPU
		{AE4AA037-F08B-4269-8856-81CF650E7B0E}.Debug|Any CPU.ActiveCfg = Debug|Any CPU
		{AE4AA037-F08B-4269-8856-81CF650E7B0E}.Debug|Any CPU.Build.0 = Debug|Any CPU
		{AE4AA037-F08B-4269-8856-81CF650E7B0E}.Release|Any CPU.ActiveCfg = Release|Any CPU
		{AE4AA037-F08B-4269-8856-81CF650E7B0E}.Release|Any CPU.Build.0 = Release|Any CPU
		{E95B1C3C-F5C7-44FB-8CAE-EE57D10E3573}.Debug|Any CPU.ActiveCfg = Debug|Any CPU
		{E95B1C3C-F5C7-44FB-8CAE-EE57D10E3573}.Debug|Any CPU.Build.0 = Debug|Any CPU
		{E95B1C3C-F5C7-44FB-8CAE-EE57D10E3573}.Release|Any CPU.ActiveCfg = Release|Any CPU
		{E95B1C3C-F5C7-44FB-8CAE-EE57D10E3573}.Release|Any CPU.Build.0 = Release|Any CPU
	EndGlobalSection
	GlobalSection(SolutionProperties) = preSolution
		HideSolutionNode = FALSE
	EndGlobalSection
	GlobalSection(ExtensibilityGlobals) = postSolution
		SolutionGuid = {81E48E47-8023-46A9-AA96-F527025914EE}
	EndGlobalSection
EndGlobal
